
Microsoft Visual Studio Solution File, Format Version 12.00
# Visual Studio Version 17
VisualStudioVersion = 17.8.34330.188
MinimumVisualStudioVersion = 10.0.40219.1
Project("{9A19103F-16F7-4668-BE54-9A1E7A4F7556}") = "BanglaTracker.MobileApp", "BanglaTracker.MobileApp\BanglaTracker.MobileApp.csproj", "{C91C7DE1-76CA-4F51-930C-EC91DABF321A}"
EndProject
Project("{FAE04EC0-301F-11D3-BF4B-00C04F79EFBC}") = "BanglaTracker.Core", "BanglaTracker.Core\BanglaTracker.Core.csproj", "{B9BB19CF-4529-4DC9-B02E-55975620E5A0}"
EndProject
Project("{FAE04EC0-301F-11D3-BF4B-00C04F79EFBC}") = "BanglaTracker.BLL", "BanglaTracker.BLL\BanglaTracker.BLL.csproj", "{B512370A-A683-412D-A38A-66EC0A7AB5AC}"
EndProject
Project("{FAE04EC0-301F-11D3-BF4B-00C04F79EFBC}") = "BanglaTracker.Infrastructure", "BanglaTracker.Infrastructure\BanglaTracker.Infrastructure.csproj", "{328498E2-F9DB-478E-B22D-1461121103B8}"
EndProject
Project("{FAE04EC0-301F-11D3-BF4B-00C04F79EFBC}") = "BanglaTracker.Presentation", "BanglaTracker.Presentation\BanglaTracker.Presentation.csproj", "{28CC0564-CF23-41DA-BB8B-3A5533D2D50C}"
EndProject
Global
	GlobalSection(SolutionConfigurationPlatforms) = preSolution
		Debug|Any CPU = Debug|Any CPU
		Release|Any CPU = Release|Any CPU
	EndGlobalSection
	GlobalSection(ProjectConfigurationPlatforms) = postSolution
		{C91C7DE1-76CA-4F51-930C-EC91DABF321A}.Debug|Any CPU.ActiveCfg = Debug|Any CPU
		{C91C7DE1-76CA-4F51-930C-EC91DABF321A}.Debug|Any CPU.Build.0 = Debug|Any CPU
		{C91C7DE1-76CA-4F51-930C-EC91DABF321A}.Debug|Any CPU.Deploy.0 = Debug|Any CPU
		{C91C7DE1-76CA-4F51-930C-EC91DABF321A}.Release|Any CPU.ActiveCfg = Release|Any CPU
		{C91C7DE1-76CA-4F51-930C-EC91DABF321A}.Release|Any CPU.Build.0 = Release|Any CPU
		{C91C7DE1-76CA-4F51-930C-EC91DABF321A}.Release|Any CPU.Deploy.0 = Release|Any CPU
		{B9BB19CF-4529-4DC9-B02E-55975620E5A0}.Debug|Any CPU.ActiveCfg = Debug|Any CPU
		{B9BB19CF-4529-4DC9-B02E-55975620E5A0}.Debug|Any CPU.Build.0 = Debug|Any CPU
		{B9BB19CF-4529-4DC9-B02E-55975620E5A0}.Release|Any CPU.ActiveCfg = Release|Any CPU
		{B9BB19CF-4529-4DC9-B02E-55975620E5A0}.Release|Any CPU.Build.0 = Release|Any CPU
		{B512370A-A683-412D-A38A-66EC0A7AB5AC}.Debug|Any CPU.ActiveCfg = Debug|Any CPU
		{B512370A-A683-412D-A38A-66EC0A7AB5AC}.Debug|Any CPU.Build.0 = Debug|Any CPU
		{B512370A-A683-412D-A38A-66EC0A7AB5AC}.Release|Any CPU.ActiveCfg = Release|Any CPU
		{B512370A-A683-412D-A38A-66EC0A7AB5AC}.Release|Any CPU.Build.0 = Release|Any CPU
		{328498E2-F9DB-478E-B22D-1461121103B8}.Debug|Any CPU.ActiveCfg = Debug|Any CPU
		{328498E2-F9DB-478E-B22D-1461121103B8}.Debug|Any CPU.Build.0 = Debug|Any CPU
		{328498E2-F9DB-478E-B22D-1461121103B8}.Release|Any CPU.ActiveCfg = Release|Any CPU
		{328498E2-F9DB-478E-B22D-1461121103B8}.Release|Any CPU.Build.0 = Release|Any CPU
		{28CC0564-CF23-41DA-BB8B-3A5533D2D50C}.Debug|Any CPU.ActiveCfg = Debug|Any CPU
		{28CC0564-CF23-41DA-BB8B-3A5533D2D50C}.Debug|Any CPU.Build.0 = Debug|Any CPU
		{28CC0564-CF23-41DA-BB8B-3A5533D2D50C}.Release|Any CPU.ActiveCfg = Release|Any CPU
		{28CC0564-CF23-41DA-BB8B-3A5533D2D50C}.Release|Any CPU.Build.0 = Release|Any CPU
	EndGlobalSection
	GlobalSection(SolutionProperties) = preSolution
		HideSolutionNode = FALSE
	EndGlobalSection
	GlobalSection(ExtensibilityGlobals) = postSolution
		SolutionGuid = {4DDB02C5-21B4-4E6E-B56F-4DCB9E257466}
	EndGlobalSection
EndGlobal
